
Microsoft Visual Studio Solution File, Format Version 11.00
# Visual C# Express 2010
Project("{FAE04EC0-301F-11D3-BF4B-00C04F79EFBC}") = "G6_Koller1", "G6_Koller1\G6_Koller1\G6_Koller1.csproj", "{FB026217-D115-47E4-9FD8-3760BE48B5EE}"
EndProject
Project("{96E2B04D-8817-42C6-938A-82C39BA4D311}") = "G6_Koller1Content", "G6_Koller1\G6_Koller1Content\G6_Koller1Content.contentproj", "{2DE6AFAC-E242-4574-9EA3-0E4B9299CEBC}"
EndProject
Global
	GlobalSection(SolutionConfigurationPlatforms) = preSolution
		Debug|x86 = Debug|x86
		Release|x86 = Release|x86
	EndGlobalSection
	GlobalSection(ProjectConfigurationPlatforms) = postSolution
		{FB026217-D115-47E4-9FD8-3760BE48B5EE}.Debug|x86.ActiveCfg = Debug|x86
		{FB026217-D115-47E4-9FD8-3760BE48B5EE}.Debug|x86.Build.0 = Debug|x86
		{FB026217-D115-47E4-9FD8-3760BE48B5EE}.Release|x86.ActiveCfg = Release|x86
		{FB026217-D115-47E4-9FD8-3760BE48B5EE}.Release|x86.Build.0 = Release|x86
		{2DE6AFAC-E242-4574-9EA3-0E4B9299CEBC}.Debug|x86.ActiveCfg = Debug|x86
		{2DE6AFAC-E242-4574-9EA3-0E4B9299CEBC}.Release|x86.ActiveCfg = Release|x86
	EndGlobalSection
	GlobalSection(SolutionProperties) = preSolution
		HideSolutionNode = FALSE
	EndGlobalSection
EndGlobal
