
Microsoft Visual Studio Solution File, Format Version 11.00
# Visual Studio 2010
Project("{FAE04EC0-301F-11D3-BF4B-00C04F79EFBC}") = "P7 - Scrolling Backgrounds", "P7 - Scrolling Backgrounds\P7 - Scrolling Backgrounds\P7 - Scrolling Backgrounds.csproj", "{7E900BFD-AEAD-4223-B6A3-77243AF110B1}"
EndProject
Project("{96E2B04D-8817-42C6-938A-82C39BA4D311}") = "P7 - Scrolling BackgroundsContent", "P7 - Scrolling Backgrounds\P7 - Scrolling BackgroundsContent\P7 - Scrolling BackgroundsContent.contentproj", "{F9A45272-2799-40A2-AB03-52DF4CDBBAEF}"
EndProject
Global
	GlobalSection(SolutionConfigurationPlatforms) = preSolution
		Debug|x86 = Debug|x86
		Release|x86 = Release|x86
	EndGlobalSection
	GlobalSection(ProjectConfigurationPlatforms) = postSolution
		{7E900BFD-AEAD-4223-B6A3-77243AF110B1}.Debug|x86.ActiveCfg = Debug|x86
		{7E900BFD-AEAD-4223-B6A3-77243AF110B1}.Debug|x86.Build.0 = Debug|x86
		{7E900BFD-AEAD-4223-B6A3-77243AF110B1}.Release|x86.ActiveCfg = Release|x86
		{7E900BFD-AEAD-4223-B6A3-77243AF110B1}.Release|x86.Build.0 = Release|x86
		{F9A45272-2799-40A2-AB03-52DF4CDBBAEF}.Debug|x86.ActiveCfg = Debug|x86
		{F9A45272-2799-40A2-AB03-52DF4CDBBAEF}.Release|x86.ActiveCfg = Release|x86
	EndGlobalSection
	GlobalSection(SolutionProperties) = preSolution
		HideSolutionNode = FALSE
	EndGlobalSection
EndGlobal
